// !$*UTF8*$!
{
	archiveVersion = 1;
	classes = {
	};
	objectVersion = 46;
	objects = {

/* Begin PBXBuildFile section */
		D547BD8C1F1E4C5C00A68460 /* countdown.wav in Resources */ = {isa = PBXBuildFile; fileRef = D547BD8B1F1E4C5C00A68460 /* countdown.wav */; };
		D55041F51F1CE14200C72B45 /* NinthViewController.swift in Sources */ = {isa = PBXBuildFile; fileRef = D55041F41F1CE14200C72B45 /* NinthViewController.swift */; };
		D55041F71F1D0BBA00C72B45 /* TenthViewController.swift in Sources */ = {isa = PBXBuildFile; fileRef = D55041F61F1D0BBA00C72B45 /* TenthViewController.swift */; };
		D55041F91F1D106A00C72B45 /* EleventhViewController.swift in Sources */ = {isa = PBXBuildFile; fileRef = D55041F81F1D106A00C72B45 /* EleventhViewController.swift */; };
		D55041FB1F1D361B00C72B45 /* bugle.wav in Resources */ = {isa = PBXBuildFile; fileRef = D55041FA1F1D361B00C72B45 /* bugle.wav */; };
		D55041FD1F1D3B6200C72B45 /* change-pace.wav in Resources */ = {isa = PBXBuildFile; fileRef = D55041FC1F1D3B6200C72B45 /* change-pace.wav */; };
		D55C27CC1F221BE40043F7A3 /* IncrementDecrement.swift in Sources */ = {isa = PBXBuildFile; fileRef = D55C27CB1F221BE40043F7A3 /* IncrementDecrement.swift */; };
		D55C27CE1F2247610043F7A3 /* FifteenthViewController.swift in Sources */ = {isa = PBXBuildFile; fileRef = D55C27CD1F2247610043F7A3 /* FifteenthViewController.swift */; };
		D55C27D01F226A6F0043F7A3 /* SixteenthViewController.swift in Sources */ = {isa = PBXBuildFile; fileRef = D55C27CF1F226A6F0043F7A3 /* SixteenthViewController.swift */; };
		D5632FD41F14F0F90060084F /* AppDelegate.swift in Sources */ = {isa = PBXBuildFile; fileRef = D5632FD31F14F0F90060084F /* AppDelegate.swift */; };
		D5632FD61F14F0F90060084F /* ViewController.swift in Sources */ = {isa = PBXBuildFile; fileRef = D5632FD51F14F0F90060084F /* ViewController.swift */; };
		D5632FD91F14F0F90060084F /* Main.storyboard in Resources */ = {isa = PBXBuildFile; fileRef = D5632FD71F14F0F90060084F /* Main.storyboard */; };
		D5632FDB1F14F0F90060084F /* Assets.xcassets in Resources */ = {isa = PBXBuildFile; fileRef = D5632FDA1F14F0F90060084F /* Assets.xcassets */; };
		D5632FDE1F14F0F90060084F /* LaunchScreen.storyboard in Resources */ = {isa = PBXBuildFile; fileRef = D5632FDC1F14F0F90060084F /* LaunchScreen.storyboard */; };
		D5632FE91F14F0F90060084F /* WorkoutTimerTests.swift in Sources */ = {isa = PBXBuildFile; fileRef = D5632FE81F14F0F90060084F /* WorkoutTimerTests.swift */; };
		D5632FF41F14F0F90060084F /* WorkoutTimerUITests.swift in Sources */ = {isa = PBXBuildFile; fileRef = D5632FF31F14F0F90060084F /* WorkoutTimerUITests.swift */; };
		D56330021F1539E80060084F /* SecondViewController.swift in Sources */ = {isa = PBXBuildFile; fileRef = D56330011F1539E80060084F /* SecondViewController.swift */; };
		D56D25491F20CF07001BAB30 /* TwelfthViewController.swift in Sources */ = {isa = PBXBuildFile; fileRef = D56D25481F20CF07001BAB30 /* TwelfthViewController.swift */; };
		D56D254B1F2116EA001BAB30 /* FourteenthViewController.swift in Sources */ = {isa = PBXBuildFile; fileRef = D56D254A1F2116EA001BAB30 /* FourteenthViewController.swift */; };
		D5831B301F166589009F4F5F /* ThirdViewController.swift in Sources */ = {isa = PBXBuildFile; fileRef = D5831B2F1F166589009F4F5F /* ThirdViewController.swift */; };
		D5C8E1E31F1917CC00EF17B7 /* FourthViewController.swift in Sources */ = {isa = PBXBuildFile; fileRef = D5C8E1E21F1917CC00EF17B7 /* FourthViewController.swift */; };
		D5C8E1E71F1927AA00EF17B7 /* FifthViewController.swift in Sources */ = {isa = PBXBuildFile; fileRef = D5C8E1E61F1927AA00EF17B7 /* FifthViewController.swift */; };
		D5C8E1E91F1949D800EF17B7 /* SixthViewController.swift in Sources */ = {isa = PBXBuildFile; fileRef = D5C8E1E81F1949D800EF17B7 /* SixthViewController.swift */; };
		D5C8E1EB1F1949E800EF17B7 /* SeventhViewController.swift in Sources */ = {isa = PBXBuildFile; fileRef = D5C8E1EA1F1949E800EF17B7 /* SeventhViewController.swift */; };
		D5D53D061F1F812400BA9D83 /* run-complete.wav in Resources */ = {isa = PBXBuildFile; fileRef = D5D53D051F1F812400BA9D83 /* run-complete.wav */; };
		D5D53D081F1F8BA900BA9D83 /* cool.wav in Resources */ = {isa = PBXBuildFile; fileRef = D5D53D071F1F8BA900BA9D83 /* cool.wav */; };
		D5D53D0A1F1FAC2F00BA9D83 /* completed.wav in Resources */ = {isa = PBXBuildFile; fileRef = D5D53D091F1FAC2F00BA9D83 /* completed.wav */; };
/* End PBXBuildFile section */

/* Begin PBXContainerItemProxy section */
		D5632FE51F14F0F90060084F /* PBXContainerItemProxy */ = {
			isa = PBXContainerItemProxy;
			containerPortal = D5632FC81F14F0F90060084F /* Project object */;
			proxyType = 1;
			remoteGlobalIDString = D5632FCF1F14F0F90060084F;
			remoteInfo = WorkoutTimer;
		};
		D5632FF01F14F0F90060084F /* PBXContainerItemProxy */ = {
			isa = PBXContainerItemProxy;
			containerPortal = D5632FC81F14F0F90060084F /* Project object */;
			proxyType = 1;
			remoteGlobalIDString = D5632FCF1F14F0F90060084F;
			remoteInfo = WorkoutTimer;
		};
/* End PBXContainerItemProxy section */

/* Begin PBXFileReference section */
		D547BD8B1F1E4C5C00A68460 /* countdown.wav */ = {isa = PBXFileReference; lastKnownFileType = audio.wav; path = countdown.wav; sourceTree = "<group>"; };
		D55041F41F1CE14200C72B45 /* NinthViewController.swift */ = {isa = PBXFileReference; fileEncoding = 4; lastKnownFileType = sourcecode.swift; path = NinthViewController.swift; sourceTree = "<group>"; };
		D55041F61F1D0BBA00C72B45 /* TenthViewController.swift */ = {isa = PBXFileReference; fileEncoding = 4; lastKnownFileType = sourcecode.swift; path = TenthViewController.swift; sourceTree = "<group>"; };
		D55041F81F1D106A00C72B45 /* EleventhViewController.swift */ = {isa = PBXFileReference; fileEncoding = 4; lastKnownFileType = sourcecode.swift; path = EleventhViewController.swift; sourceTree = "<group>"; };
		D55041FA1F1D361B00C72B45 /* bugle.wav */ = {isa = PBXFileReference; lastKnownFileType = audio.wav; path = bugle.wav; sourceTree = "<group>"; };
		D55041FC1F1D3B6200C72B45 /* change-pace.wav */ = {isa = PBXFileReference; lastKnownFileType = audio.wav; path = "change-pace.wav"; sourceTree = "<group>"; };
		D55C27CB1F221BE40043F7A3 /* IncrementDecrement.swift */ = {isa = PBXFileReference; fileEncoding = 4; lastKnownFileType = sourcecode.swift; path = IncrementDecrement.swift; sourceTree = "<group>"; };
		D55C27CD1F2247610043F7A3 /* FifteenthViewController.swift */ = {isa = PBXFileReference; fileEncoding = 4; lastKnownFileType = sourcecode.swift; path = FifteenthViewController.swift; sourceTree = "<group>"; };
		D55C27CF1F226A6F0043F7A3 /* SixteenthViewController.swift */ = {isa = PBXFileReference; fileEncoding = 4; lastKnownFileType = sourcecode.swift; path = SixteenthViewController.swift; sourceTree = "<group>"; };
		D5632FD01F14F0F90060084F /* WorkoutTimer.app */ = {isa = PBXFileReference; explicitFileType = wrapper.application; includeInIndex = 0; path = WorkoutTimer.app; sourceTree = BUILT_PRODUCTS_DIR; };
		D5632FD31F14F0F90060084F /* AppDelegate.swift */ = {isa = PBXFileReference; lastKnownFileType = sourcecode.swift; path = AppDelegate.swift; sourceTree = "<group>"; };
		D5632FD51F14F0F90060084F /* ViewController.swift */ = {isa = PBXFileReference; lastKnownFileType = sourcecode.swift; path = ViewController.swift; sourceTree = "<group>"; };
		D5632FD81F14F0F90060084F /* Base */ = {isa = PBXFileReference; lastKnownFileType = file.storyboard; name = Base; path = Base.lproj/Main.storyboard; sourceTree = "<group>"; };
		D5632FDA1F14F0F90060084F /* Assets.xcassets */ = {isa = PBXFileReference; lastKnownFileType = folder.assetcatalog; path = Assets.xcassets; sourceTree = "<group>"; };
		D5632FDD1F14F0F90060084F /* Base */ = {isa = PBXFileReference; lastKnownFileType = file.storyboard; name = Base; path = Base.lproj/LaunchScreen.storyboard; sourceTree = "<group>"; };
		D5632FDF1F14F0F90060084F /* Info.plist */ = {isa = PBXFileReference; lastKnownFileType = text.plist.xml; path = Info.plist; sourceTree = "<group>"; };
		D5632FE41F14F0F90060084F /* WorkoutTimerTests.xctest */ = {isa = PBXFileReference; explicitFileType = wrapper.cfbundle; includeInIndex = 0; path = WorkoutTimerTests.xctest; sourceTree = BUILT_PRODUCTS_DIR; };
		D5632FE81F14F0F90060084F /* WorkoutTimerTests.swift */ = {isa = PBXFileReference; lastKnownFileType = sourcecode.swift; path = WorkoutTimerTests.swift; sourceTree = "<group>"; };
		D5632FEA1F14F0F90060084F /* Info.plist */ = {isa = PBXFileReference; lastKnownFileType = text.plist.xml; path = Info.plist; sourceTree = "<group>"; };
		D5632FEF1F14F0F90060084F /* WorkoutTimerUITests.xctest */ = {isa = PBXFileReference; explicitFileType = wrapper.cfbundle; includeInIndex = 0; path = WorkoutTimerUITests.xctest; sourceTree = BUILT_PRODUCTS_DIR; };
		D5632FF31F14F0F90060084F /* WorkoutTimerUITests.swift */ = {isa = PBXFileReference; lastKnownFileType = sourcecode.swift; path = WorkoutTimerUITests.swift; sourceTree = "<group>"; };
		D5632FF51F14F0F90060084F /* Info.plist */ = {isa = PBXFileReference; lastKnownFileType = text.plist.xml; path = Info.plist; sourceTree = "<group>"; };
		D56330011F1539E80060084F /* SecondViewController.swift */ = {isa = PBXFileReference; fileEncoding = 4; lastKnownFileType = sourcecode.swift; path = SecondViewController.swift; sourceTree = "<group>"; };
		D56D25481F20CF07001BAB30 /* TwelfthViewController.swift */ = {isa = PBXFileReference; fileEncoding = 4; lastKnownFileType = sourcecode.swift; path = TwelfthViewController.swift; sourceTree = "<group>"; };
		D56D254A1F2116EA001BAB30 /* FourteenthViewController.swift */ = {isa = PBXFileReference; fileEncoding = 4; lastKnownFileType = sourcecode.swift; path = FourteenthViewController.swift; sourceTree = "<group>"; };
		D5831B2F1F166589009F4F5F /* ThirdViewController.swift */ = {isa = PBXFileReference; fileEncoding = 4; lastKnownFileType = sourcecode.swift; path = ThirdViewController.swift; sourceTree = "<group>"; };
		D5C8E1E21F1917CC00EF17B7 /* FourthViewController.swift */ = {isa = PBXFileReference; fileEncoding = 4; lastKnownFileType = sourcecode.swift; path = FourthViewController.swift; sourceTree = "<group>"; };
		D5C8E1E61F1927AA00EF17B7 /* FifthViewController.swift */ = {isa = PBXFileReference; fileEncoding = 4; lastKnownFileType = sourcecode.swift; path = FifthViewController.swift; sourceTree = "<group>"; };
		D5C8E1E81F1949D800EF17B7 /* SixthViewController.swift */ = {isa = PBXFileReference; fileEncoding = 4; lastKnownFileType = sourcecode.swift; path = SixthViewController.swift; sourceTree = "<group>"; };
		D5C8E1EA1F1949E800EF17B7 /* SeventhViewController.swift */ = {isa = PBXFileReference; fileEncoding = 4; lastKnownFileType = sourcecode.swift; path = SeventhViewController.swift; sourceTree = "<group>"; };
		D5D53D051F1F812400BA9D83 /* run-complete.wav */ = {isa = PBXFileReference; lastKnownFileType = audio.wav; path = "run-complete.wav"; sourceTree = "<group>"; };
		D5D53D071F1F8BA900BA9D83 /* cool.wav */ = {isa = PBXFileReference; lastKnownFileType = audio.wav; path = cool.wav; sourceTree = "<group>"; };
		D5D53D091F1FAC2F00BA9D83 /* completed.wav */ = {isa = PBXFileReference; lastKnownFileType = audio.wav; path = completed.wav; sourceTree = "<group>"; };
/* End PBXFileReference section */

/* Begin PBXFrameworksBuildPhase section */
		D5632FCD1F14F0F90060084F /* Frameworks */ = {
			isa = PBXFrameworksBuildPhase;
			buildActionMask = 2147483647;
			files = (
			);
			runOnlyForDeploymentPostprocessing = 0;
		};
		D5632FE11F14F0F90060084F /* Frameworks */ = {
			isa = PBXFrameworksBuildPhase;
			buildActionMask = 2147483647;
			files = (
			);
			runOnlyForDeploymentPostprocessing = 0;
		};
		D5632FEC1F14F0F90060084F /* Frameworks */ = {
			isa = PBXFrameworksBuildPhase;
			buildActionMask = 2147483647;
			files = (
			);
			runOnlyForDeploymentPostprocessing = 0;
		};
/* End PBXFrameworksBuildPhase section */

/* Begin PBXGroup section */
		D5632FC71F14F0F90060084F = {
			isa = PBXGroup;
			children = (
				D5632FD21F14F0F90060084F /* WorkoutTimer */,
				D5632FE71F14F0F90060084F /* WorkoutTimerTests */,
				D5632FF21F14F0F90060084F /* WorkoutTimerUITests */,
				D5632FD11F14F0F90060084F /* Products */,
			);
			sourceTree = "<group>";
		};
		D5632FD11F14F0F90060084F /* Products */ = {
			isa = PBXGroup;
			children = (
				D5632FD01F14F0F90060084F /* WorkoutTimer.app */,
				D5632FE41F14F0F90060084F /* WorkoutTimerTests.xctest */,
				D5632FEF1F14F0F90060084F /* WorkoutTimerUITests.xctest */,
			);
			name = Products;
			sourceTree = "<group>";
		};
		D5632FD21F14F0F90060084F /* WorkoutTimer */ = {
			isa = PBXGroup;
			children = (
				D5D53D091F1FAC2F00BA9D83 /* completed.wav */,
				D5D53D071F1F8BA900BA9D83 /* cool.wav */,
				D5D53D051F1F812400BA9D83 /* run-complete.wav */,
				D547BD8B1F1E4C5C00A68460 /* countdown.wav */,
				D55041FC1F1D3B6200C72B45 /* change-pace.wav */,
				D55041FA1F1D361B00C72B45 /* bugle.wav */,
				D5632FD31F14F0F90060084F /* AppDelegate.swift */,
				D5632FD51F14F0F90060084F /* ViewController.swift */,
				D5632FD71F14F0F90060084F /* Main.storyboard */,
				D5632FDA1F14F0F90060084F /* Assets.xcassets */,
				D5632FDC1F14F0F90060084F /* LaunchScreen.storyboard */,
				D5632FDF1F14F0F90060084F /* Info.plist */,
				D56330011F1539E80060084F /* SecondViewController.swift */,
				D5831B2F1F166589009F4F5F /* ThirdViewController.swift */,
				D5C8E1E21F1917CC00EF17B7 /* FourthViewController.swift */,
				D5C8E1E61F1927AA00EF17B7 /* FifthViewController.swift */,
				D5C8E1E81F1949D800EF17B7 /* SixthViewController.swift */,
				D5C8E1EA1F1949E800EF17B7 /* SeventhViewController.swift */,
				D55041F41F1CE14200C72B45 /* NinthViewController.swift */,
				D55041F61F1D0BBA00C72B45 /* TenthViewController.swift */,
				D55041F81F1D106A00C72B45 /* EleventhViewController.swift */,
				D56D25481F20CF07001BAB30 /* TwelfthViewController.swift */,
				D56D254A1F2116EA001BAB30 /* FourteenthViewController.swift */,
				D55C27CB1F221BE40043F7A3 /* IncrementDecrement.swift */,
				D55C27CD1F2247610043F7A3 /* FifteenthViewController.swift */,
				D55C27CF1F226A6F0043F7A3 /* SixteenthViewController.swift */,
			);
			path = WorkoutTimer;
			sourceTree = "<group>";
		};
		D5632FE71F14F0F90060084F /* WorkoutTimerTests */ = {
			isa = PBXGroup;
			children = (
				D5632FE81F14F0F90060084F /* WorkoutTimerTests.swift */,
				D5632FEA1F14F0F90060084F /* Info.plist */,
			);
			path = WorkoutTimerTests;
			sourceTree = "<group>";
		};
		D5632FF21F14F0F90060084F /* WorkoutTimerUITests */ = {
			isa = PBXGroup;
			children = (
				D5632FF31F14F0F90060084F /* WorkoutTimerUITests.swift */,
				D5632FF51F14F0F90060084F /* Info.plist */,
			);
			path = WorkoutTimerUITests;
			sourceTree = "<group>";
		};
/* End PBXGroup section */

/* Begin PBXNativeTarget section */
		D5632FCF1F14F0F90060084F /* WorkoutTimer */ = {
			isa = PBXNativeTarget;
			buildConfigurationList = D5632FF81F14F0F90060084F /* Build configuration list for PBXNativeTarget "WorkoutTimer" */;
			buildPhases = (
				D5632FCC1F14F0F90060084F /* Sources */,
				D5632FCD1F14F0F90060084F /* Frameworks */,
				D5632FCE1F14F0F90060084F /* Resources */,
			);
			buildRules = (
			);
			dependencies = (
			);
			name = WorkoutTimer;
			productName = WorkoutTimer;
			productReference = D5632FD01F14F0F90060084F /* WorkoutTimer.app */;
			productType = "com.apple.product-type.application";
		};
		D5632FE31F14F0F90060084F /* WorkoutTimerTests */ = {
			isa = PBXNativeTarget;
			buildConfigurationList = D5632FFB1F14F0F90060084F /* Build configuration list for PBXNativeTarget "WorkoutTimerTests" */;
			buildPhases = (
				D5632FE01F14F0F90060084F /* Sources */,
				D5632FE11F14F0F90060084F /* Frameworks */,
				D5632FE21F14F0F90060084F /* Resources */,
			);
			buildRules = (
			);
			dependencies = (
				D5632FE61F14F0F90060084F /* PBXTargetDependency */,
			);
			name = WorkoutTimerTests;
			productName = WorkoutTimerTests;
			productReference = D5632FE41F14F0F90060084F /* WorkoutTimerTests.xctest */;
			productType = "com.apple.product-type.bundle.unit-test";
		};
		D5632FEE1F14F0F90060084F /* WorkoutTimerUITests */ = {
			isa = PBXNativeTarget;
			buildConfigurationList = D5632FFE1F14F0F90060084F /* Build configuration list for PBXNativeTarget "WorkoutTimerUITests" */;
			buildPhases = (
				D5632FEB1F14F0F90060084F /* Sources */,
				D5632FEC1F14F0F90060084F /* Frameworks */,
				D5632FED1F14F0F90060084F /* Resources */,
			);
			buildRules = (
			);
			dependencies = (
				D5632FF11F14F0F90060084F /* PBXTargetDependency */,
			);
			name = WorkoutTimerUITests;
			productName = WorkoutTimerUITests;
			productReference = D5632FEF1F14F0F90060084F /* WorkoutTimerUITests.xctest */;
			productType = "com.apple.product-type.bundle.ui-testing";
		};
/* End PBXNativeTarget section */

/* Begin PBXProject section */
		D5632FC81F14F0F90060084F /* Project object */ = {
			isa = PBXProject;
			attributes = {
				LastSwiftUpdateCheck = 0830;
				LastUpgradeCheck = 0830;
				ORGANIZATIONNAME = theswiftproject;
				TargetAttributes = {
					D5632FCF1F14F0F90060084F = {
						CreatedOnToolsVersion = 8.3.3;
						ProvisioningStyle = Automatic;
					};
					D5632FE31F14F0F90060084F = {
						CreatedOnToolsVersion = 8.3.3;
						ProvisioningStyle = Automatic;
						TestTargetID = D5632FCF1F14F0F90060084F;
					};
					D5632FEE1F14F0F90060084F = {
						CreatedOnToolsVersion = 8.3.3;
						ProvisioningStyle = Automatic;
						TestTargetID = D5632FCF1F14F0F90060084F;
					};
				};
			};
			buildConfigurationList = D5632FCB1F14F0F90060084F /* Build configuration list for PBXProject "WorkoutTimer" */;
			compatibilityVersion = "Xcode 3.2";
			developmentRegion = English;
			hasScannedForEncodings = 0;
			knownRegions = (
				en,
				Base,
			);
			mainGroup = D5632FC71F14F0F90060084F;
			productRefGroup = D5632FD11F14F0F90060084F /* Products */;
			projectDirPath = "";
			projectRoot = "";
			targets = (
				D5632FCF1F14F0F90060084F /* WorkoutTimer */,
				D5632FE31F14F0F90060084F /* WorkoutTimerTests */,
				D5632FEE1F14F0F90060084F /* WorkoutTimerUITests */,
			);
		};
/* End PBXProject section */

/* Begin PBXResourcesBuildPhase section */
		D5632FCE1F14F0F90060084F /* Resources */ = {
			isa = PBXResourcesBuildPhase;
			buildActionMask = 2147483647;
			files = (
				D55041FB1F1D361B00C72B45 /* bugle.wav in Resources */,
				D5D53D081F1F8BA900BA9D83 /* cool.wav in Resources */,
				D55041FD1F1D3B6200C72B45 /* change-pace.wav in Resources */,
				D5632FDE1F14F0F90060084F /* LaunchScreen.storyboard in Resources */,
				D5632FDB1F14F0F90060084F /* Assets.xcassets in Resources */,
				D547BD8C1F1E4C5C00A68460 /* countdown.wav in Resources */,
				D5D53D0A1F1FAC2F00BA9D83 /* completed.wav in Resources */,
				D5632FD91F14F0F90060084F /* Main.storyboard in Resources */,
				D5D53D061F1F812400BA9D83 /* run-complete.wav in Resources */,
			);
			runOnlyForDeploymentPostprocessing = 0;
		};
		D5632FE21F14F0F90060084F /* Resources */ = {
			isa = PBXResourcesBuildPhase;
			buildActionMask = 2147483647;
			files = (
			);
			runOnlyForDeploymentPostprocessing = 0;
		};
		D5632FED1F14F0F90060084F /* Resources */ = {
			isa = PBXResourcesBuildPhase;
			buildActionMask = 2147483647;
			files = (
			);
			runOnlyForDeploymentPostprocessing = 0;
		};
/* End PBXResourcesBuildPhase section */

/* Begin PBXSourcesBuildPhase section */
		D5632FCC1F14F0F90060084F /* Sources */ = {
			isa = PBXSourcesBuildPhase;
			buildActionMask = 2147483647;
			files = (
				D5C8E1E71F1927AA00EF17B7 /* FifthViewController.swift in Sources */,
				D55041F91F1D106A00C72B45 /* EleventhViewController.swift in Sources */,
				D5C8E1E91F1949D800EF17B7 /* SixthViewController.swift in Sources */,
				D55C27D01F226A6F0043F7A3 /* SixteenthViewController.swift in Sources */,
				D56D25491F20CF07001BAB30 /* TwelfthViewController.swift in Sources */,
				D5C8E1EB1F1949E800EF17B7 /* SeventhViewController.swift in Sources */,
				D55C27CE1F2247610043F7A3 /* FifteenthViewController.swift in Sources */,
				D56330021F1539E80060084F /* SecondViewController.swift in Sources */,
				D5632FD61F14F0F90060084F /* ViewController.swift in Sources */,
				D56D254B1F2116EA001BAB30 /* FourteenthViewController.swift in Sources */,
				D5831B301F166589009F4F5F /* ThirdViewController.swift in Sources */,
				D5632FD41F14F0F90060084F /* AppDelegate.swift in Sources */,
				D55041F51F1CE14200C72B45 /* NinthViewController.swift in Sources */,
				D5C8E1E31F1917CC00EF17B7 /* FourthViewController.swift in Sources */,
				D55041F71F1D0BBA00C72B45 /* TenthViewController.swift in Sources */,
				D55C27CC1F221BE40043F7A3 /* IncrementDecrement.swift in Sources */,
			);
			runOnlyForDeploymentPostprocessing = 0;
		};
		D5632FE01F14F0F90060084F /* Sources */ = {
			isa = PBXSourcesBuildPhase;
			buildActionMask = 2147483647;
			files = (
				D5632FE91F14F0F90060084F /* WorkoutTimerTests.swift in Sources */,
			);
			runOnlyForDeploymentPostprocessing = 0;
		};
		D5632FEB1F14F0F90060084F /* Sources */ = {
			isa = PBXSourcesBuildPhase;
			buildActionMask = 2147483647;
			files = (
				D5632FF41F14F0F90060084F /* WorkoutTimerUITests.swift in Sources */,
			);
			runOnlyForDeploymentPostprocessing = 0;
		};
/* End PBXSourcesBuildPhase section */

/* Begin PBXTargetDependency section */
		D5632FE61F14F0F90060084F /* PBXTargetDependency */ = {
			isa = PBXTargetDependency;
			target = D5632FCF1F14F0F90060084F /* WorkoutTimer */;
			targetProxy = D5632FE51F14F0F90060084F /* PBXContainerItemProxy */;
		};
		D5632FF11F14F0F90060084F /* PBXTargetDependency */ = {
			isa = PBXTargetDependency;
			target = D5632FCF1F14F0F90060084F /* WorkoutTimer */;
			targetProxy = D5632FF01F14F0F90060084F /* PBXContainerItemProxy */;
		};
/* End PBXTargetDependency section */

/* Begin PBXVariantGroup section */
		D5632FD71F14F0F90060084F /* Main.storyboard */ = {
			isa = PBXVariantGroup;
			children = (
				D5632FD81F14F0F90060084F /* Base */,
			);
			name = Main.storyboard;
			sourceTree = "<group>";
		};
		D5632FDC1F14F0F90060084F /* LaunchScreen.storyboard */ = {
			isa = PBXVariantGroup;
			children = (
				D5632FDD1F14F0F90060084F /* Base */,
			);
			name = LaunchScreen.storyboard;
			sourceTree = "<group>";
		};
/* End PBXVariantGroup section */

/* Begin XCBuildConfiguration section */
		D5632FF61F14F0F90060084F /* Debug */ = {
			isa = XCBuildConfiguration;
			buildSettings = {
				ALWAYS_SEARCH_USER_PATHS = NO;
				CLANG_ANALYZER_NONNULL = YES;
				CLANG_ANALYZER_NUMBER_OBJECT_CONVERSION = YES_AGGRESSIVE;
				CLANG_CXX_LANGUAGE_STANDARD = "gnu++0x";
				CLANG_CXX_LIBRARY = "libc++";
				CLANG_ENABLE_MODULES = YES;
				CLANG_ENABLE_OBJC_ARC = YES;
				CLANG_WARN_BOOL_CONVERSION = YES;
				CLANG_WARN_CONSTANT_CONVERSION = YES;
				CLANG_WARN_DIRECT_OBJC_ISA_USAGE = YES_ERROR;
				CLANG_WARN_DOCUMENTATION_COMMENTS = YES;
				CLANG_WARN_EMPTY_BODY = YES;
				CLANG_WARN_ENUM_CONVERSION = YES;
				CLANG_WARN_INFINITE_RECURSION = YES;
				CLANG_WARN_INT_CONVERSION = YES;
				CLANG_WARN_OBJC_ROOT_CLASS = YES_ERROR;
				CLANG_WARN_SUSPICIOUS_MOVE = YES;
				CLANG_WARN_UNREACHABLE_CODE = YES;
				CLANG_WARN__DUPLICATE_METHOD_MATCH = YES;
				"CODE_SIGN_IDENTITY[sdk=iphoneos*]" = "iPhone Developer";
				COPY_PHASE_STRIP = NO;
				DEBUG_INFORMATION_FORMAT = dwarf;
				ENABLE_STRICT_OBJC_MSGSEND = YES;
				ENABLE_TESTABILITY = YES;
				GCC_C_LANGUAGE_STANDARD = gnu99;
				GCC_DYNAMIC_NO_PIC = NO;
				GCC_NO_COMMON_BLOCKS = YES;
				GCC_OPTIMIZATION_LEVEL = 0;
				GCC_PREPROCESSOR_DEFINITIONS = (
					"DEBUG=1",
					"$(inherited)",
				);
				GCC_WARN_64_TO_32_BIT_CONVERSION = YES;
				GCC_WARN_ABOUT_RETURN_TYPE = YES_ERROR;
				GCC_WARN_UNDECLARED_SELECTOR = YES;
				GCC_WARN_UNINITIALIZED_AUTOS = YES_AGGRESSIVE;
				GCC_WARN_UNUSED_FUNCTION = YES;
				GCC_WARN_UNUSED_VARIABLE = YES;
				IPHONEOS_DEPLOYMENT_TARGET = 10.3;
				MTL_ENABLE_DEBUG_INFO = YES;
				ONLY_ACTIVE_ARCH = YES;
				SDKROOT = iphoneos;
				SWIFT_ACTIVE_COMPILATION_CONDITIONS = DEBUG;
				SWIFT_OPTIMIZATION_LEVEL = "-Onone";
			};
			name = Debug;
		};
		D5632FF71F14F0F90060084F /* Release */ = {
			isa = XCBuildConfiguration;
			buildSettings = {
				ALWAYS_SEARCH_USER_PATHS = NO;
				CLANG_ANALYZER_NONNULL = YES;
				CLANG_ANALYZER_NUMBER_OBJECT_CONVERSION = YES_AGGRESSIVE;
				CLANG_CXX_LANGUAGE_STANDARD = "gnu++0x";
				CLANG_CXX_LIBRARY = "libc++";
				CLANG_ENABLE_MODULES = YES;
				CLANG_ENABLE_OBJC_ARC = YES;
				CLANG_WARN_BOOL_CONVERSION = YES;
				CLANG_WARN_CONSTANT_CONVERSION = YES;
				CLANG_WARN_DIRECT_OBJC_ISA_USAGE = YES_ERROR;
				CLANG_WARN_DOCUMENTATION_COMMENTS = YES;
				CLANG_WARN_EMPTY_BODY = YES;
				CLANG_WARN_ENUM_CONVERSION = YES;
				CLANG_WARN_INFINITE_RECURSION = YES;
				CLANG_WARN_INT_CONVERSION = YES;
				CLANG_WARN_OBJC_ROOT_CLASS = YES_ERROR;
				CLANG_WARN_SUSPICIOUS_MOVE = YES;
				CLANG_WARN_UNREACHABLE_CODE = YES;
				CLANG_WARN__DUPLICATE_METHOD_MATCH = YES;
				"CODE_SIGN_IDENTITY[sdk=iphoneos*]" = "iPhone Developer";
				COPY_PHASE_STRIP = NO;
				DEBUG_INFORMATION_FORMAT = "dwarf-with-dsym";
				ENABLE_NS_ASSERTIONS = NO;
				ENABLE_STRICT_OBJC_MSGSEND = YES;
				GCC_C_LANGUAGE_STANDARD = gnu99;
				GCC_NO_COMMON_BLOCKS = YES;
				GCC_WARN_64_TO_32_BIT_CONVERSION = YES;
				GCC_WARN_ABOUT_RETURN_TYPE = YES_ERROR;
				GCC_WARN_UNDECLARED_SELECTOR = YES;
				GCC_WARN_UNINITIALIZED_AUTOS = YES_AGGRESSIVE;
				GCC_WARN_UNUSED_FUNCTION = YES;
				GCC_WARN_UNUSED_VARIABLE = YES;
				IPHONEOS_DEPLOYMENT_TARGET = 10.3;
				MTL_ENABLE_DEBUG_INFO = NO;
				SDKROOT = iphoneos;
				SWIFT_OPTIMIZATION_LEVEL = "-Owholemodule";
				VALIDATE_PRODUCT = YES;
			};
			name = Release;
		};
		D5632FF91F14F0F90060084F /* Debug */ = {
			isa = XCBuildConfiguration;
			buildSettings = {
				ASSETCATALOG_COMPILER_APPICON_NAME = AppIcon;
				INFOPLIST_FILE = WorkoutTimer/Info.plist;
				LD_RUNPATH_SEARCH_PATHS = "$(inherited) @executable_path/Frameworks";
				PRODUCT_BUNDLE_IDENTIFIER = com.workouttimer.WorkoutTimer;
				PRODUCT_NAME = "$(TARGET_NAME)";
				SWIFT_VERSION = 3.0;
			};
			name = Debug;
		};
		D5632FFA1F14F0F90060084F /* Release */ = {
			isa = XCBuildConfiguration;
			buildSettings = {
				ASSETCATALOG_COMPILER_APPICON_NAME = AppIcon;
				INFOPLIST_FILE = WorkoutTimer/Info.plist;
				LD_RUNPATH_SEARCH_PATHS = "$(inherited) @executable_path/Frameworks";
				PRODUCT_BUNDLE_IDENTIFIER = com.workouttimer.WorkoutTimer;
				PRODUCT_NAME = "$(TARGET_NAME)";
				SWIFT_VERSION = 3.0;
			};
			name = Release;
		};
		D5632FFC1F14F0F90060084F /* Debug */ = {
			isa = XCBuildConfiguration;
			buildSettings = {
				ALWAYS_EMBED_SWIFT_STANDARD_LIBRARIES = YES;
				BUNDLE_LOADER = "$(TEST_HOST)";
				INFOPLIST_FILE = WorkoutTimerTests/Info.plist;
				LD_RUNPATH_SEARCH_PATHS = "$(inherited) @executable_path/Frameworks @loader_path/Frameworks";
				PRODUCT_BUNDLE_IDENTIFIER = com.theswiftproject.WorkoutTimerTests;
				PRODUCT_NAME = "$(TARGET_NAME)";
				SWIFT_VERSION = 3.0;
				TEST_HOST = "$(BUILT_PRODUCTS_DIR)/WorkoutTimer.app/WorkoutTimer";
			};
			name = Debug;
		};
		D5632FFD1F14F0F90060084F /* Release */ = {
			isa = XCBuildConfiguration;
			buildSettings = {
				ALWAYS_EMBED_SWIFT_STANDARD_LIBRARIES = YES;
				BUNDLE_LOADER = "$(TEST_HOST)";
				INFOPLIST_FILE = WorkoutTimerTests/Info.plist;
				LD_RUNPATH_SEARCH_PATHS = "$(inherited) @executable_path/Frameworks @loader_path/Frameworks";
				PRODUCT_BUNDLE_IDENTIFIER = com.theswiftproject.WorkoutTimerTests;
				PRODUCT_NAME = "$(TARGET_NAME)";
				SWIFT_VERSION = 3.0;
				TEST_HOST = "$(BUILT_PRODUCTS_DIR)/WorkoutTimer.app/WorkoutTimer";
			};
			name = Release;
		};
		D5632FFF1F14F0F90060084F /* Debug */ = {
			isa = XCBuildConfiguration;
			buildSettings = {
				ALWAYS_EMBED_SWIFT_STANDARD_LIBRARIES = YES;
				INFOPLIST_FILE = WorkoutTimerUITests/Info.plist;
				LD_RUNPATH_SEARCH_PATHS = "$(inherited) @executable_path/Frameworks @loader_path/Frameworks";
				PRODUCT_BUNDLE_IDENTIFIER = com.theswiftproject.WorkoutTimerUITests;
				PRODUCT_NAME = "$(TARGET_NAME)";
				SWIFT_VERSION = 3.0;
				TEST_TARGET_NAME = WorkoutTimer;
			};
			name = Debug;
		};
		D56330001F14F0F90060084F /* Release */ = {
			isa = XCBuildConfiguration;
			buildSettings = {
				ALWAYS_EMBED_SWIFT_STANDARD_LIBRARIES = YES;
				INFOPLIST_FILE = WorkoutTimerUITests/Info.plist;
				LD_RUNPATH_SEARCH_PATHS = "$(inherited) @executable_path/Frameworks @loader_path/Frameworks";
				PRODUCT_BUNDLE_IDENTIFIER = com.theswiftproject.WorkoutTimerUITests;
				PRODUCT_NAME = "$(TARGET_NAME)";
				SWIFT_VERSION = 3.0;
				TEST_TARGET_NAME = WorkoutTimer;
			};
			name = Release;
		};
/* End XCBuildConfiguration section */

/* Begin XCConfigurationList section */
		D5632FCB1F14F0F90060084F /* Build configuration list for PBXProject "WorkoutTimer" */ = {
			isa = XCConfigurationList;
			buildConfigurations = (
				D5632FF61F14F0F90060084F /* Debug */,
				D5632FF71F14F0F90060084F /* Release */,
			);
			defaultConfigurationIsVisible = 0;
			defaultConfigurationName = Release;
		};
		D5632FF81F14F0F90060084F /* Build configuration list for PBXNativeTarget "WorkoutTimer" */ = {
			isa = XCConfigurationList;
			buildConfigurations = (
				D5632FF91F14F0F90060084F /* Debug */,
				D5632FFA1F14F0F90060084F /* Release */,
			);
			defaultConfigurationIsVisible = 0;
			defaultConfigurationName = Release;
		};
		D5632FFB1F14F0F90060084F /* Build configuration list for PBXNativeTarget "WorkoutTimerTests" */ = {
			isa = XCConfigurationList;
			buildConfigurations = (
				D5632FFC1F14F0F90060084F /* Debug */,
				D5632FFD1F14F0F90060084F /* Release */,
			);
			defaultConfigurationIsVisible = 0;
			defaultConfigurationName = Release;
		};
		D5632FFE1F14F0F90060084F /* Build configuration list for PBXNativeTarget "WorkoutTimerUITests" */ = {
			isa = XCConfigurationList;
			buildConfigurations = (
				D5632FFF1F14F0F90060084F /* Debug */,
				D56330001F14F0F90060084F /* Release */,
			);
			defaultConfigurationIsVisible = 0;
			defaultConfigurationName = Release;
		};
/* End XCConfigurationList section */
	};
	rootObject = D5632FC81F14F0F90060084F /* Project object */;
}
